// !$*UTF8*$!
{
	archiveVersion = 1;
	classes = {
	};
	objectVersion = 46;
	objects = {

/* Begin PBXBuildFile section */
		98C1F85719C6CBBA00002178 /* AppDelegate.swift in Sources */ = {isa = PBXBuildFile; fileRef = 98C1F85619C6CBBA00002178 /* AppDelegate.swift */; };
		98C1F85919C6CBBA00002178 /* ViewController.swift in Sources */ = {isa = PBXBuildFile; fileRef = 98C1F85819C6CBBA00002178 /* ViewController.swift */; };
		98C1F85C19C6CBBA00002178 /* Main.storyboard in Resources */ = {isa = PBXBuildFile; fileRef = 98C1F85A19C6CBBA00002178 /* Main.storyboard */; };
		98C1F85E19C6CBBA00002178 /* Images.xcassets in Resources */ = {isa = PBXBuildFile; fileRef = 98C1F85D19C6CBBA00002178 /* Images.xcassets */; };
		98C1F86A19C6CBBA00002178 /* tipsTests.swift in Sources */ = {isa = PBXBuildFile; fileRef = 98C1F86919C6CBBA00002178 /* tipsTests.swift */; };
/* End PBXBuildFile section */

/* Begin PBXContainerItemProxy section */
		98C1F86419C6CBBA00002178 /* PBXContainerItemProxy */ = {
			isa = PBXContainerItemProxy;
			containerPortal = 98C1F84919C6CBBA00002178 /* Project object */;
			proxyType = 1;
			remoteGlobalIDString = 98C1F85019C6CBBA00002178;
			remoteInfo = tips;
		};
/* End PBXContainerItemProxy section */

/* Begin PBXFileReference section */
		98C1F85119C6CBBA00002178 /* tips.app */ = {isa = PBXFileReference; explicitFileType = wrapper.application; includeInIndex = 0; path = tips.app; sourceTree = BUILT_PRODUCTS_DIR; };
		98C1F85519C6CBBA00002178 /* Info.plist */ = {isa = PBXFileReference; lastKnownFileType = text.plist.xml; path = Info.plist; sourceTree = "<group>"; };
		98C1F85619C6CBBA00002178 /* AppDelegate.swift */ = {isa = PBXFileReference; lastKnownFileType = sourcecode.swift; path = AppDelegate.swift; sourceTree = "<group>"; };
		98C1F85819C6CBBA00002178 /* ViewController.swift */ = {isa = PBXFileReference; lastKnownFileType = sourcecode.swift; path = ViewController.swift; sourceTree = "<group>"; };
		98C1F85B19C6CBBA00002178 /* Base */ = {isa = PBXFileReference; lastKnownFileType = file.storyboard; name = Base; path = Base.lproj/Main.storyboard; sourceTree = "<group>"; };
		98C1F85D19C6CBBA00002178 /* Images.xcassets */ = {isa = PBXFileReference; lastKnownFileType = folder.assetcatalog; path = Images.xcassets; sourceTree = "<group>"; };
		98C1F86319C6CBBA00002178 /* tipsTests.xctest */ = {isa = PBXFileReference; explicitFileType = wrapper.cfbundle; includeInIndex = 0; path = tipsTests.xctest; sourceTree = BUILT_PRODUCTS_DIR; };
		98C1F86819C6CBBA00002178 /* Info.plist */ = {isa = PBXFileReference; lastKnownFileType = text.plist.xml; path = Info.plist; sourceTree = "<group>"; };
		98C1F86919C6CBBA00002178 /* tipsTests.swift */ = {isa = PBXFileReference; lastKnownFileType = sourcecode.swift; path = tipsTests.swift; sourceTree = "<group>"; };
/* End PBXFileReference section */

/* Begin PBXFrameworksBuildPhase section */
		98C1F84E19C6CBBA00002178 /* Frameworks */ = {
			isa = PBXFrameworksBuildPhase;
			buildActionMask = 2147483647;
			files = (
			);
			runOnlyForDeploymentPostprocessing = 0;
		};
		98C1F86019C6CBBA00002178 /* Frameworks */ = {
			isa = PBXFrameworksBuildPhase;
			buildActionMask = 2147483647;
			files = (
			);
			runOnlyForDeploymentPostprocessing = 0;
		};
/* End PBXFrameworksBuildPhase section */

/* Begin PBXGroup section */
		98C1F84819C6CBBA00002178 = {
			isa = PBXGroup;
			children = (
				98C1F85319C6CBBA00002178 /* tips */,
				98C1F86619C6CBBA00002178 /* tipsTests */,
				98C1F85219C6CBBA00002178 /* Products */,
			);
			sourceTree = "<group>";
		};
		98C1F85219C6CBBA00002178 /* Products */ = {
			isa = PBXGroup;
			children = (
				98C1F85119C6CBBA00002178 /* tips.app */,
				98C1F86319C6CBBA00002178 /* tipsTests.xctest */,
			);
			name = Products;
			sourceTree = "<group>";
		};
		98C1F85319C6CBBA00002178 /* tips */ = {
			isa = PBXGroup;
			children = (
				98C1F85619C6CBBA00002178 /* AppDelegate.swift */,
				98C1F85819C6CBBA00002178 /* ViewController.swift */,
				98C1F85A19C6CBBA00002178 /* Main.storyboard */,
				98C1F85D19C6CBBA00002178 /* Images.xcassets */,
				98C1F85419C6CBBA00002178 /* Supporting Files */,
			);
			path = tips;
			sourceTree = "<group>";
		};
		98C1F85419C6CBBA00002178 /* Supporting Files */ = {
			isa = PBXGroup;
			children = (
				98C1F85519C6CBBA00002178 /* Info.plist */,
			);
			name = "Supporting Files";
			sourceTree = "<group>";
		};
		98C1F86619C6CBBA00002178 /* tipsTests */ = {
			isa = PBXGroup;
			children = (
				98C1F86919C6CBBA00002178 /* tipsTests.swift */,
				98C1F86719C6CBBA00002178 /* Supporting Files */,
			);
			path = tipsTests;
			sourceTree = "<group>";
		};
		98C1F86719C6CBBA00002178 /* Supporting Files */ = {
			isa = PBXGroup;
			children = (
				98C1F86819C6CBBA00002178 /* Info.plist */,
			);
			name = "Supporting Files";
			sourceTree = "<group>";
		};
/* End PBXGroup section */

/* Begin PBXNativeTarget section */
		98C1F85019C6CBBA00002178 /* tips */ = {
			isa = PBXNativeTarget;
			buildConfigurationList = 98C1F86D19C6CBBA00002178 /* Build configuration list for PBXNativeTarget "tips" */;
			buildPhases = (
				98C1F84D19C6CBBA00002178 /* Sources */,
				98C1F84E19C6CBBA00002178 /* Frameworks */,
				98C1F84F19C6CBBA00002178 /* Resources */,
			);
			buildRules = (
			);
			dependencies = (
			);
			name = tips;
			productName = tips;
			productReference = 98C1F85119C6CBBA00002178 /* tips.app */;
			productType = "com.apple.product-type.application";
		};
		98C1F86219C6CBBA00002178 /* tipsTests */ = {
			isa = PBXNativeTarget;
			buildConfigurationList = 98C1F87019C6CBBA00002178 /* Build configuration list for PBXNativeTarget "tipsTests" */;
			buildPhases = (
				98C1F85F19C6CBBA00002178 /* Sources */,
				98C1F86019C6CBBA00002178 /* Frameworks */,
				98C1F86119C6CBBA00002178 /* Resources */,
			);
			buildRules = (
			);
			dependencies = (
				98C1F86519C6CBBA00002178 /* PBXTargetDependency */,
			);
			name = tipsTests;
			productName = tipsTests;
			productReference = 98C1F86319C6CBBA00002178 /* tipsTests.xctest */;
			productType = "com.apple.product-type.bundle.unit-test";
		};
/* End PBXNativeTarget section */

/* Begin PBXProject section */
		98C1F84919C6CBBA00002178 /* Project object */ = {
			isa = PBXProject;
			attributes = {
				LastUpgradeCheck = 0600;
				ORGANIZATIONNAME = Junyong;
				TargetAttributes = {
					98C1F85019C6CBBA00002178 = {
						CreatedOnToolsVersion = 6.0;
					};
					98C1F86219C6CBBA00002178 = {
						CreatedOnToolsVersion = 6.0;
						TestTargetID = 98C1F85019C6CBBA00002178;
					};
				};
			};
			buildConfigurationList = 98C1F84C19C6CBBA00002178 /* Build configuration list for PBXProject "tips" */;
			compatibilityVersion = "Xcode 3.2";
			developmentRegion = English;
			hasScannedForEncodings = 0;
			knownRegions = (
				en,
				Base,
			);
			mainGroup = 98C1F84819C6CBBA00002178;
			productRefGroup = 98C1F85219C6CBBA00002178 /* Products */;
			projectDirPath = "";
			projectRoot = "";
			targets = (
				98C1F85019C6CBBA00002178 /* tips */,
				98C1F86219C6CBBA00002178 /* tipsTests */,
			);
		};
/* End PBXProject section */

/* Begin PBXResourcesBuildPhase section */
		98C1F84F19C6CBBA00002178 /* Resources */ = {
			isa = PBXResourcesBuildPhase;
			buildActionMask = 2147483647;
			files = (
				98C1F85C19C6CBBA00002178 /* Main.storyboard in Resources */,
				98C1F85E19C6CBBA00002178 /* Images.xcassets in Resources */,
			);
			runOnlyForDeploymentPostprocessing = 0;
		};
		98C1F86119C6CBBA00002178 /* Resources */ = {
			isa = PBXResourcesBuildPhase;
			buildActionMask = 2147483647;
			files = (
			);
			runOnlyForDeploymentPostprocessing = 0;
		};
/* End PBXResourcesBuildPhase section */

/* Begin PBXSourcesBuildPhase section */
		98C1F84D19C6CBBA00002178 /* Sources */ = {
			isa = PBXSourcesBuildPhase;
			buildActionMask = 2147483647;
			files = (
				98C1F85919C6CBBA00002178 /* ViewController.swift in Sources */,
				98C1F85719C6CBBA00002178 /* AppDelegate.swift in Sources */,
			);
			runOnlyForDeploymentPostprocessing = 0;
		};
		98C1F85F19C6CBBA00002178 /* Sources */ = {
			isa = PBXSourcesBuildPhase;
			buildActionMask = 2147483647;
			files = (
				98C1F86A19C6CBBA00002178 /* tipsTests.swift in Sources */,
			);
			runOnlyForDeploymentPostprocessing = 0;
		};
/* End PBXSourcesBuildPhase section */

/* Begin PBXTargetDependency section */
		98C1F86519C6CBBA00002178 /* PBXTargetDependency */ = {
			isa = PBXTargetDependency;
			target = 98C1F85019C6CBBA00002178 /* tips */;
			targetProxy = 98C1F86419C6CBBA00002178 /* PBXContainerItemProxy */;
		};
/* End PBXTargetDependency section */

/* Begin PBXVariantGroup section */
		98C1F85A19C6CBBA00002178 /* Main.storyboard */ = {
			isa = PBXVariantGroup;
			children = (
				98C1F85B19C6CBBA00002178 /* Base */,
			);
			name = Main.storyboard;
			sourceTree = "<group>";
		};
/* End PBXVariantGroup section */

/* Begin XCBuildConfiguration section */
		98C1F86B19C6CBBA00002178 /* Debug */ = {
			isa = XCBuildConfiguration;
			buildSettings = {
				ALWAYS_SEARCH_USER_PATHS = NO;
				CLANG_CXX_LANGUAGE_STANDARD = "gnu++0x";
				CLANG_CXX_LIBRARY = "libc++";
				CLANG_ENABLE_MODULES = YES;
				CLANG_ENABLE_OBJC_ARC = YES;
				CLANG_WARN_BOOL_CONVERSION = YES;
				CLANG_WARN_CONSTANT_CONVERSION = YES;
				CLANG_WARN_DIRECT_OBJC_ISA_USAGE = YES_ERROR;
				CLANG_WARN_EMPTY_BODY = YES;
				CLANG_WARN_ENUM_CONVERSION = YES;
				CLANG_WARN_INT_CONVERSION = YES;
				CLANG_WARN_OBJC_ROOT_CLASS = YES_ERROR;
				CLANG_WARN_UNREACHABLE_CODE = YES;
				CLANG_WARN__DUPLICATE_METHOD_MATCH = YES;
				"CODE_SIGN_IDENTITY[sdk=iphoneos*]" = "iPhone Developer";
				COPY_PHASE_STRIP = NO;
				ENABLE_STRICT_OBJC_MSGSEND = YES;
				GCC_C_LANGUAGE_STANDARD = gnu99;
				GCC_DYNAMIC_NO_PIC = NO;
				GCC_OPTIMIZATION_LEVEL = 0;
				GCC_PREPROCESSOR_DEFINITIONS = (
					"DEBUG=1",
					"$(inherited)",
				);
				GCC_SYMBOLS_PRIVATE_EXTERN = NO;
				GCC_WARN_64_TO_32_BIT_CONVERSION = YES;
				GCC_WARN_ABOUT_RETURN_TYPE = YES_ERROR;
				GCC_WARN_UNDECLARED_SELECTOR = YES;
				GCC_WARN_UNINITIALIZED_AUTOS = YES_AGGRESSIVE;
				GCC_WARN_UNUSED_FUNCTION = YES;
				GCC_WARN_UNUSED_VARIABLE = YES;
				IPHONEOS_DEPLOYMENT_TARGET = 8.0;
				METAL_ENABLE_DEBUG_INFO = YES;
				ONLY_ACTIVE_ARCH = YES;
				SDKROOT = iphoneos;
				SWIFT_OPTIMIZATION_LEVEL = "-Onone";
			};
			name = Debug;
		};
		98C1F86C19C6CBBA00002178 /* Release */ = {
			isa = XCBuildConfiguration;
			buildSettings = {
				ALWAYS_SEARCH_USER_PATHS = NO;
				CLANG_CXX_LANGUAGE_STANDARD = "gnu++0x";
				CLANG_CXX_LIBRARY = "libc++";
				CLANG_ENABLE_MODULES = YES;
				CLANG_ENABLE_OBJC_ARC = YES;
				CLANG_WARN_BOOL_CONVERSION = YES;
				CLANG_WARN_CONSTANT_CONVERSION = YES;
				CLANG_WARN_DIRECT_OBJC_ISA_USAGE = YES_ERROR;
				CLANG_WARN_EMPTY_BODY = YES;
				CLANG_WARN_ENUM_CONVERSION = YES;
				CLANG_WARN_INT_CONVERSION = YES;
				CLANG_WARN_OBJC_ROOT_CLASS = YES_ERROR;
				CLANG_WARN_UNREACHABLE_CODE = YES;
				CLANG_WARN__DUPLICATE_METHOD_MATCH = YES;
				"CODE_SIGN_IDENTITY[sdk=iphoneos*]" = "iPhone Developer";
				COPY_PHASE_STRIP = YES;
				ENABLE_NS_ASSERTIONS = NO;
				ENABLE_STRICT_OBJC_MSGSEND = YES;
				GCC_C_LANGUAGE_STANDARD = gnu99;
				GCC_WARN_64_TO_32_BIT_CONVERSION = YES;
				GCC_WARN_ABOUT_RETURN_TYPE = YES_ERROR;
				GCC_WARN_UNDECLARED_SELECTOR = YES;
				GCC_WARN_UNINITIALIZED_AUTOS = YES_AGGRESSIVE;
				GCC_WARN_UNUSED_FUNCTION = YES;
				GCC_WARN_UNUSED_VARIABLE = YES;
				IPHONEOS_DEPLOYMENT_TARGET = 8.0;
				METAL_ENABLE_DEBUG_INFO = NO;
				SDKROOT = iphoneos;
				VALIDATE_PRODUCT = YES;
			};
			name = Release;
		};
		98C1F86E19C6CBBA00002178 /* Debug */ = {
			isa = XCBuildConfiguration;
			buildSettings = {
				ASSETCATALOG_COMPILER_APPICON_NAME = AppIcon;
				ASSETCATALOG_COMPILER_LAUNCHIMAGE_NAME = LaunchImage;
				INFOPLIST_FILE = tips/Info.plist;
				LD_RUNPATH_SEARCH_PATHS = "$(inherited) @executable_path/Frameworks";
				PRODUCT_NAME = "$(TARGET_NAME)";
			};
			name = Debug;
		};
		98C1F86F19C6CBBA00002178 /* Release */ = {
			isa = XCBuildConfiguration;
			buildSettings = {
				ASSETCATALOG_COMPILER_APPICON_NAME = AppIcon;
				ASSETCATALOG_COMPILER_LAUNCHIMAGE_NAME = LaunchImage;
				INFOPLIST_FILE = tips/Info.plist;
				LD_RUNPATH_SEARCH_PATHS = "$(inherited) @executable_path/Frameworks";
				PRODUCT_NAME = "$(TARGET_NAME)";
			};
			name = Release;
		};
		98C1F87119C6CBBA00002178 /* Debug */ = {
			isa = XCBuildConfiguration;
			buildSettings = {
				BUNDLE_LOADER = "$(BUILT_PRODUCTS_DIR)/tips.app/tips";
				FRAMEWORK_SEARCH_PATHS = (
					"$(SDKROOT)/Developer/Library/Frameworks",
					"$(inherited)",
				);
				GCC_PREPROCESSOR_DEFINITIONS = (
					"DEBUG=1",
					"$(inherited)",
				);
				INFOPLIST_FILE = tipsTests/Info.plist;
				LD_RUNPATH_SEARCH_PATHS = "$(inherited) @executable_path/Frameworks @loader_path/Frameworks";
				METAL_ENABLE_DEBUG_INFO = YES;
				PRODUCT_NAME = "$(TARGET_NAME)";
				TEST_HOST = "$(BUNDLE_LOADER)";
			};
			name = Debug;
		};
		98C1F87219C6CBBA00002178 /* Release */ = {
			isa = XCBuildConfiguration;
			buildSettings = {
				BUNDLE_LOADER = "$(BUILT_PRODUCTS_DIR)/tips.app/tips";
				FRAMEWORK_SEARCH_PATHS = (
					"$(SDKROOT)/Developer/Library/Frameworks",
					"$(inherited)",
				);
				INFOPLIST_FILE = tipsTests/Info.plist;
				LD_RUNPATH_SEARCH_PATHS = "$(inherited) @executable_path/Frameworks @loader_path/Frameworks";
				METAL_ENABLE_DEBUG_INFO = NO;
				PRODUCT_NAME = "$(TARGET_NAME)";
				TEST_HOST = "$(BUNDLE_LOADER)";
			};
			name = Release;
		};
/* End XCBuildConfiguration section */

/* Begin XCConfigurationList section */
		98C1F84C19C6CBBA00002178 /* Build configuration list for PBXProject "tips" */ = {
			isa = XCConfigurationList;
			buildConfigurations = (
				98C1F86B19C6CBBA00002178 /* Debug */,
				98C1F86C19C6CBBA00002178 /* Release */,
			);
			defaultConfigurationIsVisible = 0;
			defaultConfigurationName = Release;
		};
		98C1F86D19C6CBBA00002178 /* Build configuration list for PBXNativeTarget "tips" */ = {
			isa = XCConfigurationList;
			buildConfigurations = (
				98C1F86E19C6CBBA00002178 /* Debug */,
				98C1F86F19C6CBBA00002178 /* Release */,
			);
			defaultConfigurationIsVisible = 0;
		};
		98C1F87019C6CBBA00002178 /* Build configuration list for PBXNativeTarget "tipsTests" */ = {
			isa = XCConfigurationList;
			buildConfigurations = (
				98C1F87119C6CBBA00002178 /* Debug */,
				98C1F87219C6CBBA00002178 /* Release */,
			);
			defaultConfigurationIsVisible = 0;
		};
/* End XCConfigurationList section */
	};
	rootObject = 98C1F84919C6CBBA00002178 /* Project object */;
}
